// !$*UTF8*$!
{
	archiveVersion = 1;
	classes = {
	};
	objectVersion = 56;
	objects = {

/* Begin PBXBuildFile section */
		D30863432A013990005DAEAA /* HomeItemView.swift in Sources */ = {isa = PBXBuildFile; fileRef = D30863422A013990005DAEAA /* HomeItemView.swift */; };
		D30863492A0157E6005DAEAA /* LottieUI in Frameworks */ = {isa = PBXBuildFile; productRef = D30863482A0157E6005DAEAA /* LottieUI */; };
		D30863502A0159B7005DAEAA /* cat_head_light.json in Resources */ = {isa = PBXBuildFile; fileRef = D308634E2A0159B6005DAEAA /* cat_head_light.json */; };
		D30863512A0159B7005DAEAA /* cat_head_dark.json in Resources */ = {isa = PBXBuildFile; fileRef = D308634F2A0159B7005DAEAA /* cat_head_dark.json */; };
		D30863532A018032005DAEAA /* DetailsView.swift in Sources */ = {isa = PBXBuildFile; fileRef = D30863522A018032005DAEAA /* DetailsView.swift */; };
		D308636E2A018E53005DAEAA /* MarkdownWebView in Frameworks */ = {isa = PBXBuildFile; productRef = D308636D2A018E53005DAEAA /* MarkdownWebView */; };
		D30863702A01A619005DAEAA /* DetailsViewModel.swift in Sources */ = {isa = PBXBuildFile; fileRef = D308636F2A01A619005DAEAA /* DetailsViewModel.swift */; };
		D30863722A01A82F005DAEAA /* DetailsEndpoint.swift in Sources */ = {isa = PBXBuildFile; fileRef = D30863712A01A82F005DAEAA /* DetailsEndpoint.swift */; };
		D30863752A01AF8E005DAEAA /* github_dark.json in Resources */ = {isa = PBXBuildFile; fileRef = D30863732A01AF8E005DAEAA /* github_dark.json */; };
		D30863762A01AF8E005DAEAA /* github_light.json in Resources */ = {isa = PBXBuildFile; fileRef = D30863742A01AF8E005DAEAA /* github_light.json */; };
		D308637A2A01B2CB005DAEAA /* 404_error.json in Resources */ = {isa = PBXBuildFile; fileRef = D30863792A01B2CB005DAEAA /* 404_error.json */; };
		D3430AE329FAF7FC006729E3 /* NSGitHubApp.swift in Sources */ = {isa = PBXBuildFile; fileRef = D3430AE229FAF7FC006729E3 /* NSGitHubApp.swift */; };
		D3430AE729FAF7FC006729E3 /* Assets.xcassets in Resources */ = {isa = PBXBuildFile; fileRef = D3430AE629FAF7FC006729E3 /* Assets.xcassets */; };
		D3430AEB29FAF7FC006729E3 /* Preview Assets.xcassets in Resources */ = {isa = PBXBuildFile; fileRef = D3430AEA29FAF7FC006729E3 /* Preview Assets.xcassets */; };
		D35D59AD2A001E3E00D9893A /* HomeView.swift in Sources */ = {isa = PBXBuildFile; fileRef = D35D59AC2A001E3E00D9893A /* HomeView.swift */; };
		D35D59AF2A0024B300D9893A /* HomeEndpoint.swift in Sources */ = {isa = PBXBuildFile; fileRef = D35D59AE2A0024B300D9893A /* HomeEndpoint.swift */; };
		D35D59B22A0025C500D9893A /* Repo.swift in Sources */ = {isa = PBXBuildFile; fileRef = D35D59B12A0025C500D9893A /* Repo.swift */; };
		D35D59B42A0060A000D9893A /* HomeService.swift in Sources */ = {isa = PBXBuildFile; fileRef = D35D59B32A0060A000D9893A /* HomeService.swift */; };
		D35D59B62A006A7300D9893A /* HomeViewModel.swift in Sources */ = {isa = PBXBuildFile; fileRef = D35D59B52A006A7300D9893A /* HomeViewModel.swift */; };
		D3F3974129FE89140087429C /* LoginView.swift in Sources */ = {isa = PBXBuildFile; fileRef = D3F3974029FE89140087429C /* LoginView.swift */; };
		D3F3974629FE8BA00087429C /* HTTPContentType.swift in Sources */ = {isa = PBXBuildFile; fileRef = D3F3974529FE8BA00087429C /* HTTPContentType.swift */; };
		D3F3974829FE8BCD0087429C /* Endpoint.swift in Sources */ = {isa = PBXBuildFile; fileRef = D3F3974729FE8BCD0087429C /* Endpoint.swift */; };
		D3F3974A29FE8C350087429C /* RequestError.swift in Sources */ = {isa = PBXBuildFile; fileRef = D3F3974929FE8C350087429C /* RequestError.swift */; };
		D3F3974C29FE8CB80087429C /* HTTPClient.swift in Sources */ = {isa = PBXBuildFile; fileRef = D3F3974B29FE8CB80087429C /* HTTPClient.swift */; };
		D3F3975029FE9D460087429C /* LoginViewModel.swift in Sources */ = {isa = PBXBuildFile; fileRef = D3F3974F29FE9D460087429C /* LoginViewModel.swift */; };
		D3F3975629FEAC300087429C /* Token.swift in Sources */ = {isa = PBXBuildFile; fileRef = D3F3975529FEAC300087429C /* Token.swift */; };
		D3F3975929FEAD000087429C /* LoginEndpoint.swift in Sources */ = {isa = PBXBuildFile; fileRef = D3F3975829FEAD000087429C /* LoginEndpoint.swift */; };
		D3F3975B29FEB0650087429C /* LoginService.swift in Sources */ = {isa = PBXBuildFile; fileRef = D3F3975A29FEB0650087429C /* LoginService.swift */; };
		D3F3975E29FEB6CB0087429C /* Constants.swift in Sources */ = {isa = PBXBuildFile; fileRef = D3F3975D29FEB6CB0087429C /* Constants.swift */; };
		D3F3976029FEBF400087429C /* HTTPMethod.swift in Sources */ = {isa = PBXBuildFile; fileRef = D3F3975F29FEBF400087429C /* HTTPMethod.swift */; };
		D3F3976229FEE3DB0087429C /* Keychain.swift in Sources */ = {isa = PBXBuildFile; fileRef = D3F3976129FEE3DB0087429C /* Keychain.swift */; };
/* End PBXBuildFile section */

/* Begin PBXFileReference section */
		D30863422A013990005DAEAA /* HomeItemView.swift */ = {isa = PBXFileReference; lastKnownFileType = sourcecode.swift; path = HomeItemView.swift; sourceTree = "<group>"; };
		D308634E2A0159B6005DAEAA /* cat_head_light.json */ = {isa = PBXFileReference; fileEncoding = 4; lastKnownFileType = text.json; path = cat_head_light.json; sourceTree = "<group>"; };
		D308634F2A0159B7005DAEAA /* cat_head_dark.json */ = {isa = PBXFileReference; fileEncoding = 4; lastKnownFileType = text.json; path = cat_head_dark.json; sourceTree = "<group>"; };
		D30863522A018032005DAEAA /* DetailsView.swift */ = {isa = PBXFileReference; lastKnownFileType = sourcecode.swift; path = DetailsView.swift; sourceTree = "<group>"; };
		D308636F2A01A619005DAEAA /* DetailsViewModel.swift */ = {isa = PBXFileReference; lastKnownFileType = sourcecode.swift; path = DetailsViewModel.swift; sourceTree = "<group>"; };
		D30863712A01A82F005DAEAA /* DetailsEndpoint.swift */ = {isa = PBXFileReference; lastKnownFileType = sourcecode.swift; path = DetailsEndpoint.swift; sourceTree = "<group>"; };
		D30863732A01AF8E005DAEAA /* github_dark.json */ = {isa = PBXFileReference; fileEncoding = 4; lastKnownFileType = text.json; path = github_dark.json; sourceTree = "<group>"; };
		D30863742A01AF8E005DAEAA /* github_light.json */ = {isa = PBXFileReference; fileEncoding = 4; lastKnownFileType = text.json; path = github_light.json; sourceTree = "<group>"; };
		D30863792A01B2CB005DAEAA /* 404_error.json */ = {isa = PBXFileReference; fileEncoding = 4; lastKnownFileType = text.json; path = 404_error.json; sourceTree = "<group>"; };
		D3430ADF29FAF7FC006729E3 /* NSGitHub.app */ = {isa = PBXFileReference; explicitFileType = wrapper.application; includeInIndex = 0; path = NSGitHub.app; sourceTree = BUILT_PRODUCTS_DIR; };
		D3430AE229FAF7FC006729E3 /* NSGitHubApp.swift */ = {isa = PBXFileReference; lastKnownFileType = sourcecode.swift; path = NSGitHubApp.swift; sourceTree = "<group>"; };
		D3430AE629FAF7FC006729E3 /* Assets.xcassets */ = {isa = PBXFileReference; lastKnownFileType = folder.assetcatalog; path = Assets.xcassets; sourceTree = "<group>"; };
		D3430AE829FAF7FC006729E3 /* NSGitHub.entitlements */ = {isa = PBXFileReference; lastKnownFileType = text.plist.entitlements; path = NSGitHub.entitlements; sourceTree = "<group>"; };
		D3430AEA29FAF7FC006729E3 /* Preview Assets.xcassets */ = {isa = PBXFileReference; lastKnownFileType = folder.assetcatalog; path = "Preview Assets.xcassets"; sourceTree = "<group>"; };
		D35D59AC2A001E3E00D9893A /* HomeView.swift */ = {isa = PBXFileReference; lastKnownFileType = sourcecode.swift; path = HomeView.swift; sourceTree = "<group>"; };
		D35D59AE2A0024B300D9893A /* HomeEndpoint.swift */ = {isa = PBXFileReference; lastKnownFileType = sourcecode.swift; path = HomeEndpoint.swift; sourceTree = "<group>"; };
		D35D59B12A0025C500D9893A /* Repo.swift */ = {isa = PBXFileReference; lastKnownFileType = sourcecode.swift; path = Repo.swift; sourceTree = "<group>"; };
		D35D59B32A0060A000D9893A /* HomeService.swift */ = {isa = PBXFileReference; lastKnownFileType = sourcecode.swift; path = HomeService.swift; sourceTree = "<group>"; };
		D35D59B52A006A7300D9893A /* HomeViewModel.swift */ = {isa = PBXFileReference; lastKnownFileType = sourcecode.swift; path = HomeViewModel.swift; sourceTree = "<group>"; };
		D3F3974029FE89140087429C /* LoginView.swift */ = {isa = PBXFileReference; lastKnownFileType = sourcecode.swift; path = LoginView.swift; sourceTree = "<group>"; };
		D3F3974529FE8BA00087429C /* HTTPContentType.swift */ = {isa = PBXFileReference; lastKnownFileType = sourcecode.swift; path = HTTPContentType.swift; sourceTree = "<group>"; };
		D3F3974729FE8BCD0087429C /* Endpoint.swift */ = {isa = PBXFileReference; lastKnownFileType = sourcecode.swift; path = Endpoint.swift; sourceTree = "<group>"; };
		D3F3974929FE8C350087429C /* RequestError.swift */ = {isa = PBXFileReference; lastKnownFileType = sourcecode.swift; path = RequestError.swift; sourceTree = "<group>"; };
		D3F3974B29FE8CB80087429C /* HTTPClient.swift */ = {isa = PBXFileReference; lastKnownFileType = sourcecode.swift; path = HTTPClient.swift; sourceTree = "<group>"; };
		D3F3974F29FE9D460087429C /* LoginViewModel.swift */ = {isa = PBXFileReference; lastKnownFileType = sourcecode.swift; path = LoginViewModel.swift; sourceTree = "<group>"; };
		D3F3975529FEAC300087429C /* Token.swift */ = {isa = PBXFileReference; lastKnownFileType = sourcecode.swift; path = Token.swift; sourceTree = "<group>"; };
		D3F3975829FEAD000087429C /* LoginEndpoint.swift */ = {isa = PBXFileReference; lastKnownFileType = sourcecode.swift; path = LoginEndpoint.swift; sourceTree = "<group>"; };
		D3F3975A29FEB0650087429C /* LoginService.swift */ = {isa = PBXFileReference; lastKnownFileType = sourcecode.swift; path = LoginService.swift; sourceTree = "<group>"; };
		D3F3975D29FEB6CB0087429C /* Constants.swift */ = {isa = PBXFileReference; lastKnownFileType = sourcecode.swift; path = Constants.swift; sourceTree = "<group>"; };
		D3F3975F29FEBF400087429C /* HTTPMethod.swift */ = {isa = PBXFileReference; lastKnownFileType = sourcecode.swift; path = HTTPMethod.swift; sourceTree = "<group>"; };
		D3F3976129FEE3DB0087429C /* Keychain.swift */ = {isa = PBXFileReference; lastKnownFileType = sourcecode.swift; path = Keychain.swift; sourceTree = "<group>"; };
/* End PBXFileReference section */

/* Begin PBXFrameworksBuildPhase section */
		D3430ADC29FAF7FC006729E3 /* Frameworks */ = {
			isa = PBXFrameworksBuildPhase;
			buildActionMask = 2147483647;
			files = (
				D30863492A0157E6005DAEAA /* LottieUI in Frameworks */,
				D308636E2A018E53005DAEAA /* MarkdownWebView in Frameworks */,
			);
			runOnlyForDeploymentPostprocessing = 0;
		};
/* End PBXFrameworksBuildPhase section */

/* Begin PBXGroup section */
		D30863542A01812F005DAEAA /* Components */ = {
			isa = PBXGroup;
			children = (
				D30863422A013990005DAEAA /* HomeItemView.swift */,
			);
			path = Components;
			sourceTree = "<group>";
		};
		D3430AD629FAF7FB006729E3 = {
			isa = PBXGroup;
			children = (
				D3430AE129FAF7FC006729E3 /* NSGitHub */,
				D3430AE029FAF7FC006729E3 /* Products */,
			);
			sourceTree = "<group>";
		};
		D3430AE029FAF7FC006729E3 /* Products */ = {
			isa = PBXGroup;
			children = (
				D3430ADF29FAF7FC006729E3 /* NSGitHub.app */,
			);
			name = Products;
			sourceTree = "<group>";
		};
		D3430AE129FAF7FC006729E3 /* NSGitHub */ = {
			isa = PBXGroup;
			children = (
				D3F3973E29FE88D20087429C /* App */,
				D3F3974329FE8AA70087429C /* Core */,
				D3F3974D29FE9D360087429C /* Shared */,
				D3430AE829FAF7FC006729E3 /* NSGitHub.entitlements */,
				D3430AE929FAF7FC006729E3 /* Preview Content */,
			);
			path = NSGitHub;
			sourceTree = "<group>";
		};
		D3430AE929FAF7FC006729E3 /* Preview Content */ = {
			isa = PBXGroup;
			children = (
				D3430AEA29FAF7FC006729E3 /* Preview Assets.xcassets */,
			);
			path = "Preview Content";
			sourceTree = "<group>";
		};
		D3F3973E29FE88D20087429C /* App */ = {
			isa = PBXGroup;
			children = (
				D3F3973F29FE88E20087429C /* Views */,
				D3F3974229FE89520087429C /* Resources */,
				D3430AE229FAF7FC006729E3 /* NSGitHubApp.swift */,
			);
			path = App;
			sourceTree = "<group>";
		};
		D3F3973F29FE88E20087429C /* Views */ = {
			isa = PBXGroup;
			children = (
				D30863542A01812F005DAEAA /* Components */,
				D3F3974029FE89140087429C /* LoginView.swift */,
				D35D59AC2A001E3E00D9893A /* HomeView.swift */,
				D30863522A018032005DAEAA /* DetailsView.swift */,
			);
			path = Views;
			sourceTree = "<group>";
		};
		D3F3974229FE89520087429C /* Resources */ = {
			isa = PBXGroup;
			children = (
				D3430AE629FAF7FC006729E3 /* Assets.xcassets */,
				D308634F2A0159B7005DAEAA /* cat_head_dark.json */,
				D308634E2A0159B6005DAEAA /* cat_head_light.json */,
				D30863732A01AF8E005DAEAA /* github_dark.json */,
				D30863742A01AF8E005DAEAA /* github_light.json */,
				D30863792A01B2CB005DAEAA /* 404_error.json */,
			);
			path = Resources;
			sourceTree = "<group>";
		};
		D3F3974329FE8AA70087429C /* Core */ = {
			isa = PBXGroup;
			children = (
				D3F3975729FEACF00087429C /* Endpoints */,
				D3F3975429FEAA610087429C /* Models */,
				D3F3975129FEAA190087429C /* Service */,
				D3F3974429FE8AAF0087429C /* Network */,
			);
			path = Core;
			sourceTree = "<group>";
		};
		D3F3974429FE8AAF0087429C /* Network */ = {
			isa = PBXGroup;
			children = (
				D3F3974529FE8BA00087429C /* HTTPContentType.swift */,
				D3F3974729FE8BCD0087429C /* Endpoint.swift */,
				D3F3974929FE8C350087429C /* RequestError.swift */,
				D3F3974B29FE8CB80087429C /* HTTPClient.swift */,
				D3F3975F29FEBF400087429C /* HTTPMethod.swift */,
			);
			path = Network;
			sourceTree = "<group>";
		};
		D3F3974D29FE9D360087429C /* Shared */ = {
			isa = PBXGroup;
			children = (
				D3F3975C29FEB6C20087429C /* Helpers */,
				D3F3974E29FE9D3B0087429C /* ViewModels */,
			);
			path = Shared;
			sourceTree = "<group>";
		};
		D3F3974E29FE9D3B0087429C /* ViewModels */ = {
			isa = PBXGroup;
			children = (
				D3F3974F29FE9D460087429C /* LoginViewModel.swift */,
				D35D59B52A006A7300D9893A /* HomeViewModel.swift */,
				D308636F2A01A619005DAEAA /* DetailsViewModel.swift */,
			);
			path = ViewModels;
			sourceTree = "<group>";
		};
		D3F3975129FEAA190087429C /* Service */ = {
			isa = PBXGroup;
			children = (
				D3F3975A29FEB0650087429C /* LoginService.swift */,
				D35D59B32A0060A000D9893A /* HomeService.swift */,
			);
			path = Service;
			sourceTree = "<group>";
		};
		D3F3975429FEAA610087429C /* Models */ = {
			isa = PBXGroup;
			children = (
				D3F3975529FEAC300087429C /* Token.swift */,
				D35D59B12A0025C500D9893A /* Repo.swift */,
			);
			path = Models;
			sourceTree = "<group>";
		};
		D3F3975729FEACF00087429C /* Endpoints */ = {
			isa = PBXGroup;
			children = (
				D3F3975829FEAD000087429C /* LoginEndpoint.swift */,
				D35D59AE2A0024B300D9893A /* HomeEndpoint.swift */,
				D30863712A01A82F005DAEAA /* DetailsEndpoint.swift */,
			);
			path = Endpoints;
			sourceTree = "<group>";
		};
		D3F3975C29FEB6C20087429C /* Helpers */ = {
			isa = PBXGroup;
			children = (
				D3F3976129FEE3DB0087429C /* Keychain.swift */,
				D3F3975D29FEB6CB0087429C /* Constants.swift */,
			);
			path = Helpers;
			sourceTree = "<group>";
		};
/* End PBXGroup section */

/* Begin PBXNativeTarget section */
		D3430ADE29FAF7FC006729E3 /* NSGitHub */ = {
			isa = PBXNativeTarget;
			buildConfigurationList = D3430AEE29FAF7FC006729E3 /* Build configuration list for PBXNativeTarget "NSGitHub" */;
			buildPhases = (
				D3430ADB29FAF7FC006729E3 /* Sources */,
				D3430ADC29FAF7FC006729E3 /* Frameworks */,
				D3430ADD29FAF7FC006729E3 /* Resources */,
			);
			buildRules = (
			);
			dependencies = (
			);
			name = NSGitHub;
			packageProductDependencies = (
				D30863482A0157E6005DAEAA /* LottieUI */,
				D308636D2A018E53005DAEAA /* MarkdownWebView */,
			);
			productName = NSGitHub;
			productReference = D3430ADF29FAF7FC006729E3 /* NSGitHub.app */;
			productType = "com.apple.product-type.application";
		};
/* End PBXNativeTarget section */

/* Begin PBXProject section */
		D3430AD729FAF7FB006729E3 /* Project object */ = {
			isa = PBXProject;
			attributes = {
				BuildIndependentTargetsInParallel = 1;
				LastSwiftUpdateCheck = 1430;
				LastUpgradeCheck = 1430;
				TargetAttributes = {
					D3430ADE29FAF7FC006729E3 = {
						CreatedOnToolsVersion = 14.3;
					};
				};
			};
			buildConfigurationList = D3430ADA29FAF7FB006729E3 /* Build configuration list for PBXProject "NSGitHub" */;
			compatibilityVersion = "Xcode 14.0";
			developmentRegion = en;
			hasScannedForEncodings = 0;
			knownRegions = (
				en,
				Base,
			);
			mainGroup = D3430AD629FAF7FB006729E3;
			packageReferences = (
				D30863472A0157E6005DAEAA /* XCRemoteSwiftPackageReference "LottieUI" */,
				D308636C2A018E53005DAEAA /* XCRemoteSwiftPackageReference "markdown-webview" */,
			);
			productRefGroup = D3430AE029FAF7FC006729E3 /* Products */;
			projectDirPath = "";
			projectRoot = "";
			targets = (
				D3430ADE29FAF7FC006729E3 /* NSGitHub */,
			);
		};
/* End PBXProject section */

/* Begin PBXResourcesBuildPhase section */
		D3430ADD29FAF7FC006729E3 /* Resources */ = {
			isa = PBXResourcesBuildPhase;
			buildActionMask = 2147483647;
			files = (
				D3430AEB29FAF7FC006729E3 /* Preview Assets.xcassets in Resources */,
				D3430AE729FAF7FC006729E3 /* Assets.xcassets in Resources */,
				D30863502A0159B7005DAEAA /* cat_head_light.json in Resources */,
				D308637A2A01B2CB005DAEAA /* 404_error.json in Resources */,
				D30863512A0159B7005DAEAA /* cat_head_dark.json in Resources */,
				D30863752A01AF8E005DAEAA /* github_dark.json in Resources */,
				D30863762A01AF8E005DAEAA /* github_light.json in Resources */,
			);
			runOnlyForDeploymentPostprocessing = 0;
		};
/* End PBXResourcesBuildPhase section */

/* Begin PBXSourcesBuildPhase section */
		D3430ADB29FAF7FC006729E3 /* Sources */ = {
			isa = PBXSourcesBuildPhase;
			buildActionMask = 2147483647;
			files = (
				D3F3975629FEAC300087429C /* Token.swift in Sources */,
				D30863532A018032005DAEAA /* DetailsView.swift in Sources */,
				D35D59B62A006A7300D9893A /* HomeViewModel.swift in Sources */,
				D35D59AD2A001E3E00D9893A /* HomeView.swift in Sources */,
				D3F3975E29FEB6CB0087429C /* Constants.swift in Sources */,
				D3F3976229FEE3DB0087429C /* Keychain.swift in Sources */,
				D3F3974129FE89140087429C /* LoginView.swift in Sources */,
				D3F3974A29FE8C350087429C /* RequestError.swift in Sources */,
				D3F3974C29FE8CB80087429C /* HTTPClient.swift in Sources */,
				D3F3974629FE8BA00087429C /* HTTPContentType.swift in Sources */,
				D3F3975929FEAD000087429C /* LoginEndpoint.swift in Sources */,
				D30863702A01A619005DAEAA /* DetailsViewModel.swift in Sources */,
				D3F3974829FE8BCD0087429C /* Endpoint.swift in Sources */,
				D35D59B42A0060A000D9893A /* HomeService.swift in Sources */,
				D3F3976029FEBF400087429C /* HTTPMethod.swift in Sources */,
				D35D59B22A0025C500D9893A /* Repo.swift in Sources */,
				D35D59AF2A0024B300D9893A /* HomeEndpoint.swift in Sources */,
				D30863722A01A82F005DAEAA /* DetailsEndpoint.swift in Sources */,
				D3F3975B29FEB0650087429C /* LoginService.swift in Sources */,
				D3430AE329FAF7FC006729E3 /* NSGitHubApp.swift in Sources */,
				D3F3975029FE9D460087429C /* LoginViewModel.swift in Sources */,
				D30863432A013990005DAEAA /* HomeItemView.swift in Sources */,
			);
			runOnlyForDeploymentPostprocessing = 0;
		};
/* End PBXSourcesBuildPhase section */

/* Begin XCBuildConfiguration section */
		D3430AEC29FAF7FC006729E3 /* Debug */ = {
			isa = XCBuildConfiguration;
			buildSettings = {
				ALWAYS_SEARCH_USER_PATHS = NO;
				CLANG_ANALYZER_NONNULL = YES;
				CLANG_ANALYZER_NUMBER_OBJECT_CONVERSION = YES_AGGRESSIVE;
				CLANG_CXX_LANGUAGE_STANDARD = "gnu++20";
				CLANG_ENABLE_MODULES = YES;
				CLANG_ENABLE_OBJC_ARC = YES;
				CLANG_ENABLE_OBJC_WEAK = YES;
				CLANG_WARN_BLOCK_CAPTURE_AUTORELEASING = YES;
				CLANG_WARN_BOOL_CONVERSION = YES;
				CLANG_WARN_COMMA = YES;
				CLANG_WARN_CONSTANT_CONVERSION = YES;
				CLANG_WARN_DEPRECATED_OBJC_IMPLEMENTATIONS = YES;
				CLANG_WARN_DIRECT_OBJC_ISA_USAGE = YES_ERROR;
				CLANG_WARN_DOCUMENTATION_COMMENTS = YES;
				CLANG_WARN_EMPTY_BODY = YES;
				CLANG_WARN_ENUM_CONVERSION = YES;
				CLANG_WARN_INFINITE_RECURSION = YES;
				CLANG_WARN_INT_CONVERSION = YES;
				CLANG_WARN_NON_LITERAL_NULL_CONVERSION = YES;
				CLANG_WARN_OBJC_IMPLICIT_RETAIN_SELF = YES;
				CLANG_WARN_OBJC_LITERAL_CONVERSION = YES;
				CLANG_WARN_OBJC_ROOT_CLASS = YES_ERROR;
				CLANG_WARN_QUOTED_INCLUDE_IN_FRAMEWORK_HEADER = YES;
				CLANG_WARN_RANGE_LOOP_ANALYSIS = YES;
				CLANG_WARN_STRICT_PROTOTYPES = YES;
				CLANG_WARN_SUSPICIOUS_MOVE = YES;
				CLANG_WARN_UNGUARDED_AVAILABILITY = YES_AGGRESSIVE;
				CLANG_WARN_UNREACHABLE_CODE = YES;
				CLANG_WARN__DUPLICATE_METHOD_MATCH = YES;
				COPY_PHASE_STRIP = NO;
				DEBUG_INFORMATION_FORMAT = dwarf;
				ENABLE_STRICT_OBJC_MSGSEND = YES;
				ENABLE_TESTABILITY = YES;
				GCC_C_LANGUAGE_STANDARD = gnu11;
				GCC_DYNAMIC_NO_PIC = NO;
				GCC_NO_COMMON_BLOCKS = YES;
				GCC_OPTIMIZATION_LEVEL = 0;
				GCC_PREPROCESSOR_DEFINITIONS = (
					"DEBUG=1",
					"$(inherited)",
				);
				GCC_WARN_64_TO_32_BIT_CONVERSION = YES;
				GCC_WARN_ABOUT_RETURN_TYPE = YES_ERROR;
				GCC_WARN_UNDECLARED_SELECTOR = YES;
				GCC_WARN_UNINITIALIZED_AUTOS = YES_AGGRESSIVE;
				GCC_WARN_UNUSED_FUNCTION = YES;
				GCC_WARN_UNUSED_VARIABLE = YES;
				MTL_ENABLE_DEBUG_INFO = INCLUDE_SOURCE;
				MTL_FAST_MATH = YES;
				ONLY_ACTIVE_ARCH = YES;
				SWIFT_ACTIVE_COMPILATION_CONDITIONS = DEBUG;
				SWIFT_OPTIMIZATION_LEVEL = "-Onone";
			};
			name = Debug;
		};
		D3430AED29FAF7FC006729E3 /* Release */ = {
			isa = XCBuildConfiguration;
			buildSettings = {
				ALWAYS_SEARCH_USER_PATHS = NO;
				CLANG_ANALYZER_NONNULL = YES;
				CLANG_ANALYZER_NUMBER_OBJECT_CONVERSION = YES_AGGRESSIVE;
				CLANG_CXX_LANGUAGE_STANDARD = "gnu++20";
				CLANG_ENABLE_MODULES = YES;
				CLANG_ENABLE_OBJC_ARC = YES;
				CLANG_ENABLE_OBJC_WEAK = YES;
				CLANG_WARN_BLOCK_CAPTURE_AUTORELEASING = YES;
				CLANG_WARN_BOOL_CONVERSION = YES;
				CLANG_WARN_COMMA = YES;
				CLANG_WARN_CONSTANT_CONVERSION = YES;
				CLANG_WARN_DEPRECATED_OBJC_IMPLEMENTATIONS = YES;
				CLANG_WARN_DIRECT_OBJC_ISA_USAGE = YES_ERROR;
				CLANG_WARN_DOCUMENTATION_COMMENTS = YES;
				CLANG_WARN_EMPTY_BODY = YES;
				CLANG_WARN_ENUM_CONVERSION = YES;
				CLANG_WARN_INFINITE_RECURSION = YES;
				CLANG_WARN_INT_CONVERSION = YES;
				CLANG_WARN_NON_LITERAL_NULL_CONVERSION = YES;
				CLANG_WARN_OBJC_IMPLICIT_RETAIN_SELF = YES;
				CLANG_WARN_OBJC_LITERAL_CONVERSION = YES;
				CLANG_WARN_OBJC_ROOT_CLASS = YES_ERROR;
				CLANG_WARN_QUOTED_INCLUDE_IN_FRAMEWORK_HEADER = YES;
				CLANG_WARN_RANGE_LOOP_ANALYSIS = YES;
				CLANG_WARN_STRICT_PROTOTYPES = YES;
				CLANG_WARN_SUSPICIOUS_MOVE = YES;
				CLANG_WARN_UNGUARDED_AVAILABILITY = YES_AGGRESSIVE;
				CLANG_WARN_UNREACHABLE_CODE = YES;
				CLANG_WARN__DUPLICATE_METHOD_MATCH = YES;
				COPY_PHASE_STRIP = NO;
				DEBUG_INFORMATION_FORMAT = "dwarf-with-dsym";
				ENABLE_NS_ASSERTIONS = NO;
				ENABLE_STRICT_OBJC_MSGSEND = YES;
				GCC_C_LANGUAGE_STANDARD = gnu11;
				GCC_NO_COMMON_BLOCKS = YES;
				GCC_WARN_64_TO_32_BIT_CONVERSION = YES;
				GCC_WARN_ABOUT_RETURN_TYPE = YES_ERROR;
				GCC_WARN_UNDECLARED_SELECTOR = YES;
				GCC_WARN_UNINITIALIZED_AUTOS = YES_AGGRESSIVE;
				GCC_WARN_UNUSED_FUNCTION = YES;
				GCC_WARN_UNUSED_VARIABLE = YES;
				MTL_ENABLE_DEBUG_INFO = NO;
				MTL_FAST_MATH = YES;
				SWIFT_COMPILATION_MODE = wholemodule;
				SWIFT_OPTIMIZATION_LEVEL = "-O";
			};
			name = Release;
		};
		D3430AEF29FAF7FC006729E3 /* Debug */ = {
			isa = XCBuildConfiguration;
			buildSettings = {
				ASSETCATALOG_COMPILER_APPICON_NAME = AppIcon;
				ASSETCATALOG_COMPILER_GLOBAL_ACCENT_COLOR_NAME = AccentColor;
				CODE_SIGN_ENTITLEMENTS = NSGitHub/NSGitHub.entitlements;
				CODE_SIGN_STYLE = Automatic;
				CURRENT_PROJECT_VERSION = 1;
				DEVELOPMENT_ASSET_PATHS = "\"NSGitHub/Preview Content\"";
				DEVELOPMENT_TEAM = 8Z53N7RR56;
				ENABLE_HARDENED_RUNTIME = YES;
				ENABLE_PREVIEWS = YES;
				GENERATE_INFOPLIST_FILE = YES;
				"INFOPLIST_KEY_UIApplicationSceneManifest_Generation[sdk=iphoneos*]" = YES;
				"INFOPLIST_KEY_UIApplicationSceneManifest_Generation[sdk=iphonesimulator*]" = YES;
				"INFOPLIST_KEY_UIApplicationSupportsIndirectInputEvents[sdk=iphoneos*]" = YES;
				"INFOPLIST_KEY_UIApplicationSupportsIndirectInputEvents[sdk=iphonesimulator*]" = YES;
				"INFOPLIST_KEY_UILaunchScreen_Generation[sdk=iphoneos*]" = YES;
				"INFOPLIST_KEY_UILaunchScreen_Generation[sdk=iphonesimulator*]" = YES;
				"INFOPLIST_KEY_UIStatusBarStyle[sdk=iphoneos*]" = UIStatusBarStyleDefault;
				"INFOPLIST_KEY_UIStatusBarStyle[sdk=iphonesimulator*]" = UIStatusBarStyleDefault;
				INFOPLIST_KEY_UISupportedInterfaceOrientations = "UIInterfaceOrientationLandscapeLeft UIInterfaceOrientationLandscapeRight UIInterfaceOrientationPortrait UIInterfaceOrientationPortraitUpsideDown";
				IPHONEOS_DEPLOYMENT_TARGET = 16.0;
				LD_RUNPATH_SEARCH_PATHS = "@executable_path/Frameworks";
				"LD_RUNPATH_SEARCH_PATHS[sdk=macosx*]" = "@executable_path/../Frameworks";
				MACOSX_DEPLOYMENT_TARGET = 13.3;
				MARKETING_VERSION = 1.0;
				PRODUCT_BUNDLE_IDENTIFIER = com.sinarabiei.NSGitHub;
				PRODUCT_NAME = "$(TARGET_NAME)";
				SDKROOT = auto;
				SUPPORTED_PLATFORMS = "iphoneos iphonesimulator";
				SUPPORTS_MACCATALYST = NO;
				SUPPORTS_MAC_DESIGNED_FOR_IPHONE_IPAD = NO;
				SWIFT_EMIT_LOC_STRINGS = YES;
				SWIFT_VERSION = 5.0;
				TARGETED_DEVICE_FAMILY = "1,2";
			};
			name = Debug;
		};
		D3430AF029FAF7FC006729E3 /* Release */ = {
			isa = XCBuildConfiguration;
			buildSettings = {
				ASSETCATALOG_COMPILER_APPICON_NAME = AppIcon;
				ASSETCATALOG_COMPILER_GLOBAL_ACCENT_COLOR_NAME = AccentColor;
				CODE_SIGN_ENTITLEMENTS = NSGitHub/NSGitHub.entitlements;
				CODE_SIGN_STYLE = Automatic;
				CURRENT_PROJECT_VERSION = 1;
				DEVELOPMENT_ASSET_PATHS = "\"NSGitHub/Preview Content\"";
				DEVELOPMENT_TEAM = 8Z53N7RR56;
				ENABLE_HARDENED_RUNTIME = YES;
				ENABLE_PREVIEWS = YES;
				GENERATE_INFOPLIST_FILE = YES;
				"INFOPLIST_KEY_UIApplicationSceneManifest_Generation[sdk=iphoneos*]" = YES;
				"INFOPLIST_KEY_UIApplicationSceneManifest_Generation[sdk=iphonesimulator*]" = YES;
				"INFOPLIST_KEY_UIApplicationSupportsIndirectInputEvents[sdk=iphoneos*]" = YES;
				"INFOPLIST_KEY_UIApplicationSupportsIndirectInputEvents[sdk=iphonesimulator*]" = YES;
				"INFOPLIST_KEY_UILaunchScreen_Generation[sdk=iphoneos*]" = YES;
				"INFOPLIST_KEY_UILaunchScreen_Generation[sdk=iphonesimulator*]" = YES;
				"INFOPLIST_KEY_UIStatusBarStyle[sdk=iphoneos*]" = UIStatusBarStyleDefault;
				"INFOPLIST_KEY_UIStatusBarStyle[sdk=iphonesimulator*]" = UIStatusBarStyleDefault;
				INFOPLIST_KEY_UISupportedInterfaceOrientations = "UIInterfaceOrientationLandscapeLeft UIInterfaceOrientationLandscapeRight UIInterfaceOrientationPortrait UIInterfaceOrientationPortraitUpsideDown";
				IPHONEOS_DEPLOYMENT_TARGET = 16.0;
				LD_RUNPATH_SEARCH_PATHS = "@executable_path/Frameworks";
				"LD_RUNPATH_SEARCH_PATHS[sdk=macosx*]" = "@executable_path/../Frameworks";
				MACOSX_DEPLOYMENT_TARGET = 13.3;
				MARKETING_VERSION = 1.0;
				PRODUCT_BUNDLE_IDENTIFIER = com.sinarabiei.NSGitHub;
				PRODUCT_NAME = "$(TARGET_NAME)";
				SDKROOT = auto;
				SUPPORTED_PLATFORMS = "iphoneos iphonesimulator";
				SUPPORTS_MACCATALYST = NO;
				SUPPORTS_MAC_DESIGNED_FOR_IPHONE_IPAD = NO;
				SWIFT_EMIT_LOC_STRINGS = YES;
				SWIFT_VERSION = 5.0;
				TARGETED_DEVICE_FAMILY = "1,2";
			};
			name = Release;
		};
/* End XCBuildConfiguration section */

/* Begin XCConfigurationList section */
		D3430ADA29FAF7FB006729E3 /* Build configuration list for PBXProject "NSGitHub" */ = {
			isa = XCConfigurationList;
			buildConfigurations = (
				D3430AEC29FAF7FC006729E3 /* Debug */,
				D3430AED29FAF7FC006729E3 /* Release */,
			);
			defaultConfigurationIsVisible = 0;
			defaultConfigurationName = Release;
		};
		D3430AEE29FAF7FC006729E3 /* Build configuration list for PBXNativeTarget "NSGitHub" */ = {
			isa = XCConfigurationList;
			buildConfigurations = (
				D3430AEF29FAF7FC006729E3 /* Debug */,
				D3430AF029FAF7FC006729E3 /* Release */,
			);
			defaultConfigurationIsVisible = 0;
			defaultConfigurationName = Release;
		};
/* End XCConfigurationList section */

/* Begin XCRemoteSwiftPackageReference section */
		D30863472A0157E6005DAEAA /* XCRemoteSwiftPackageReference "LottieUI" */ = {
			isa = XCRemoteSwiftPackageReference;
			repositoryURL = "https://github.com/tfmart/LottieUI";
			requirement = {
				kind = upToNextMajorVersion;
				minimumVersion = 1.0.0;
			};
		};
		D308636C2A018E53005DAEAA /* XCRemoteSwiftPackageReference "markdown-webview" */ = {
			isa = XCRemoteSwiftPackageReference;
			repositoryURL = "https://github.com/tomdai/markdown-webview";
			requirement = {
				kind = upToNextMajorVersion;
				minimumVersion = 2.0.0;
			};
		};
/* End XCRemoteSwiftPackageReference section */

/* Begin XCSwiftPackageProductDependency section */
		D30863482A0157E6005DAEAA /* LottieUI */ = {
			isa = XCSwiftPackageProductDependency;
			package = D30863472A0157E6005DAEAA /* XCRemoteSwiftPackageReference "LottieUI" */;
			productName = LottieUI;
		};
		D308636D2A018E53005DAEAA /* MarkdownWebView */ = {
			isa = XCSwiftPackageProductDependency;
			package = D308636C2A018E53005DAEAA /* XCRemoteSwiftPackageReference "markdown-webview" */;
			productName = MarkdownWebView;
		};
/* End XCSwiftPackageProductDependency section */
	};
	rootObject = D3430AD729FAF7FB006729E3 /* Project object */;
}
