{
  "pins" : [
    {
      "identity" : "lottie-spm",
      "kind" : "remoteSourceControl",
      "location" : "https://github.com/airbnb/lottie-spm.git",
      "state" : {
        "revision" : "60ea4f82fba8b4cb21a75665a889e86ed4d81c6e",
        "version" : "4.2.0"
      }
    },
    {
      "identity" : "lottieui",
      "kind" : "remoteSourceControl",
      "location" : "https://github.com/tfmart/LottieUI",
      "state" : {
        "revision" : "dd5b2f16213f89ab996a55fc2f51b56236da4bbe",
        "version" : "1.3.3"
      }
    }
  ],
  "version" : 2
}
